
Microsoft Visual Studio Solution File, Format Version 11.00
# Visual Studio 2010
Project("{FAE04EC0-301F-11D3-BF4B-00C04F79EFBC}") = "WindowsFormsApplication1", "WindowsFormsApplication1\WindowsFormsApplication1.csproj", "{84CF4BE4-37CF-4D5E-92D2-B61A8DF398E9}"
EndProject
Global
	GlobalSection(SolutionConfigurationPlatforms) = preSolution
		Debug|x86 = Debug|x86
		Release|x86 = Release|x86
	EndGlobalSection
	GlobalSection(ProjectConfigurationPlatforms) = postSolution
		{84CF4BE4-37CF-4D5E-92D2-B61A8DF398E9}.Debug|x86.ActiveCfg = Debug|x86
		{84CF4BE4-37CF-4D5E-92D2-B61A8DF398E9}.Debug|x86.Build.0 = Debug|x86
		{84CF4BE4-37CF-4D5E-92D2-B61A8DF398E9}.Release|x86.ActiveCfg = Release|x86
		{84CF4BE4-37CF-4D5E-92D2-B61A8DF398E9}.Release|x86.Build.0 = Release|x86
	EndGlobalSection
	GlobalSection(SolutionProperties) = preSolution
		HideSolutionNode = FALSE
	EndGlobalSection
EndGlobal
